
Microsoft Visual Studio Solution File, Format Version 12.00
# Visual Studio Version 17
VisualStudioVersion = 17.11.35222.181
MinimumVisualStudioVersion = 10.0.40219.1
Project("{FAE04EC0-301F-11D3-BF4B-00C04F79EFBC}") = "DoAnN6_QLKS_GUI", "QuanLyKhachSan\DoAnN6_QLKS_GUI.csproj", "{245DA6D6-6ACB-4F9C-A643-3E8B2FDF66B3}"
EndProject
Project("{FAE04EC0-301F-11D3-BF4B-00C04F79EFBC}") = "DoAnN6_QLKS_BUS", "BUS\DoAnN6_QLKS_BUS.csproj", "{9C2E1574-7060-411D-A070-9493435F4B4F}"
EndProject
Project("{FAE04EC0-301F-11D3-BF4B-00C04F79EFBC}") = "DoAnN6_QLKS_DAL", "DoAnN6_QLKS_DAL\DoAnN6_QLKS_DAL.csproj", "{22C72B76-2614-4A49-91B2-4830509C3F1A}"
EndProject
Global
	GlobalSection(SolutionConfigurationPlatforms) = preSolution
		Debug|Any CPU = Debug|Any CPU
		Release|Any CPU = Release|Any CPU
	EndGlobalSection
	GlobalSection(ProjectConfigurationPlatforms) = postSolution
		{245DA6D6-6ACB-4F9C-A643-3E8B2FDF66B3}.Debug|Any CPU.ActiveCfg = Debug|Any CPU
		{245DA6D6-6ACB-4F9C-A643-3E8B2FDF66B3}.Debug|Any CPU.Build.0 = Debug|Any CPU
		{245DA6D6-6ACB-4F9C-A643-3E8B2FDF66B3}.Release|Any CPU.ActiveCfg = Release|Any CPU
		{245DA6D6-6ACB-4F9C-A643-3E8B2FDF66B3}.Release|Any CPU.Build.0 = Release|Any CPU
		{9C2E1574-7060-411D-A070-9493435F4B4F}.Debug|Any CPU.ActiveCfg = Debug|Any CPU
		{9C2E1574-7060-411D-A070-9493435F4B4F}.Debug|Any CPU.Build.0 = Debug|Any CPU
		{9C2E1574-7060-411D-A070-9493435F4B4F}.Release|Any CPU.ActiveCfg = Release|Any CPU
		{9C2E1574-7060-411D-A070-9493435F4B4F}.Release|Any CPU.Build.0 = Release|Any CPU
		{22C72B76-2614-4A49-91B2-4830509C3F1A}.Debug|Any CPU.ActiveCfg = Debug|Any CPU
		{22C72B76-2614-4A49-91B2-4830509C3F1A}.Debug|Any CPU.Build.0 = Debug|Any CPU
		{22C72B76-2614-4A49-91B2-4830509C3F1A}.Release|Any CPU.ActiveCfg = Release|Any CPU
		{22C72B76-2614-4A49-91B2-4830509C3F1A}.Release|Any CPU.Build.0 = Release|Any CPU
	EndGlobalSection
	GlobalSection(SolutionProperties) = preSolution
		HideSolutionNode = FALSE
	EndGlobalSection
	GlobalSection(ExtensibilityGlobals) = postSolution
		SolutionGuid = {5A91A8C6-4B4E-41C0-B2F7-4440855377D0}
	EndGlobalSection
EndGlobal
